// !$*UTF8*$!
{
	archiveVersion = 1;
	classes = {
	};
	objectVersion = 46;
	objects = {

/* Begin PBXBuildFile section */
		38AD48201A5E09610096DF80 /* AppDelegate.swift in Sources */ = {isa = PBXBuildFile; fileRef = 38AD481F1A5E09610096DF80 /* AppDelegate.swift */; };
		38AD48221A5E09610096DF80 /* ViewController.swift in Sources */ = {isa = PBXBuildFile; fileRef = 38AD48211A5E09610096DF80 /* ViewController.swift */; };
		38AD48251A5E09610096DF80 /* Main.storyboard in Resources */ = {isa = PBXBuildFile; fileRef = 38AD48231A5E09610096DF80 /* Main.storyboard */; };
		38AD48271A5E09610096DF80 /* Images.xcassets in Resources */ = {isa = PBXBuildFile; fileRef = 38AD48261A5E09610096DF80 /* Images.xcassets */; };
		38AD482A1A5E09610096DF80 /* LaunchScreen.xib in Resources */ = {isa = PBXBuildFile; fileRef = 38AD48281A5E09610096DF80 /* LaunchScreen.xib */; };
		38AD48361A5E09610096DF80 /* TipsTests.swift in Sources */ = {isa = PBXBuildFile; fileRef = 38AD48351A5E09610096DF80 /* TipsTests.swift */; };
		38AD48401A5E1D2A0096DF80 /* SettingsViewController.swift in Sources */ = {isa = PBXBuildFile; fileRef = 38AD483F1A5E1D2A0096DF80 /* SettingsViewController.swift */; };
		38AD48431A5E56CF0096DF80 /* SettingsManager.swift in Sources */ = {isa = PBXBuildFile; fileRef = 38AD48421A5E56CF0096DF80 /* SettingsManager.swift */; };
		38AD48441A5EF2990096DF80 /* SettingsManager.swift in Sources */ = {isa = PBXBuildFile; fileRef = 38AD48421A5E56CF0096DF80 /* SettingsManager.swift */; };
		38AD48461A5EF3BE0096DF80 /* SettingsManagerTests.swift in Sources */ = {isa = PBXBuildFile; fileRef = 38AD48451A5EF3BE0096DF80 /* SettingsManagerTests.swift */; };
/* End PBXBuildFile section */

/* Begin PBXContainerItemProxy section */
		38AD48301A5E09610096DF80 /* PBXContainerItemProxy */ = {
			isa = PBXContainerItemProxy;
			containerPortal = 38AD48121A5E09610096DF80 /* Project object */;
			proxyType = 1;
			remoteGlobalIDString = 38AD48191A5E09610096DF80;
			remoteInfo = Tips;
		};
/* End PBXContainerItemProxy section */

/* Begin PBXFileReference section */
		38AD481A1A5E09610096DF80 /* Tips.app */ = {isa = PBXFileReference; explicitFileType = wrapper.application; includeInIndex = 0; path = Tips.app; sourceTree = BUILT_PRODUCTS_DIR; };
		38AD481E1A5E09610096DF80 /* Info.plist */ = {isa = PBXFileReference; lastKnownFileType = text.plist.xml; path = Info.plist; sourceTree = "<group>"; };
		38AD481F1A5E09610096DF80 /* AppDelegate.swift */ = {isa = PBXFileReference; lastKnownFileType = sourcecode.swift; path = AppDelegate.swift; sourceTree = "<group>"; };
		38AD48211A5E09610096DF80 /* ViewController.swift */ = {isa = PBXFileReference; lastKnownFileType = sourcecode.swift; path = ViewController.swift; sourceTree = "<group>"; };
		38AD48241A5E09610096DF80 /* Base */ = {isa = PBXFileReference; lastKnownFileType = file.storyboard; name = Base; path = Base.lproj/Main.storyboard; sourceTree = "<group>"; };
		38AD48261A5E09610096DF80 /* Images.xcassets */ = {isa = PBXFileReference; lastKnownFileType = folder.assetcatalog; path = Images.xcassets; sourceTree = "<group>"; };
		38AD48291A5E09610096DF80 /* Base */ = {isa = PBXFileReference; lastKnownFileType = file.xib; name = Base; path = Base.lproj/LaunchScreen.xib; sourceTree = "<group>"; };
		38AD482F1A5E09610096DF80 /* TipsTests.xctest */ = {isa = PBXFileReference; explicitFileType = wrapper.cfbundle; includeInIndex = 0; path = TipsTests.xctest; sourceTree = BUILT_PRODUCTS_DIR; };
		38AD48341A5E09610096DF80 /* Info.plist */ = {isa = PBXFileReference; lastKnownFileType = text.plist.xml; path = Info.plist; sourceTree = "<group>"; };
		38AD48351A5E09610096DF80 /* TipsTests.swift */ = {isa = PBXFileReference; lastKnownFileType = sourcecode.swift; path = TipsTests.swift; sourceTree = "<group>"; };
		38AD483F1A5E1D2A0096DF80 /* SettingsViewController.swift */ = {isa = PBXFileReference; fileEncoding = 4; lastKnownFileType = sourcecode.swift; path = SettingsViewController.swift; sourceTree = "<group>"; };
		38AD48421A5E56CF0096DF80 /* SettingsManager.swift */ = {isa = PBXFileReference; fileEncoding = 4; lastKnownFileType = sourcecode.swift; path = SettingsManager.swift; sourceTree = "<group>"; };
		38AD48451A5EF3BE0096DF80 /* SettingsManagerTests.swift */ = {isa = PBXFileReference; fileEncoding = 4; lastKnownFileType = sourcecode.swift; path = SettingsManagerTests.swift; sourceTree = "<group>"; };
/* End PBXFileReference section */

/* Begin PBXFrameworksBuildPhase section */
		38AD48171A5E09610096DF80 /* Frameworks */ = {
			isa = PBXFrameworksBuildPhase;
			buildActionMask = 2147483647;
			files = (
			);
			runOnlyForDeploymentPostprocessing = 0;
		};
		38AD482C1A5E09610096DF80 /* Frameworks */ = {
			isa = PBXFrameworksBuildPhase;
			buildActionMask = 2147483647;
			files = (
			);
			runOnlyForDeploymentPostprocessing = 0;
		};
/* End PBXFrameworksBuildPhase section */

/* Begin PBXGroup section */
		38AD48111A5E09610096DF80 = {
			isa = PBXGroup;
			children = (
				38AD481C1A5E09610096DF80 /* Tips */,
				38AD48321A5E09610096DF80 /* TipsTests */,
				38AD481B1A5E09610096DF80 /* Products */,
			);
			sourceTree = "<group>";
		};
		38AD481B1A5E09610096DF80 /* Products */ = {
			isa = PBXGroup;
			children = (
				38AD481A1A5E09610096DF80 /* Tips.app */,
				38AD482F1A5E09610096DF80 /* TipsTests.xctest */,
			);
			name = Products;
			sourceTree = "<group>";
		};
		38AD481C1A5E09610096DF80 /* Tips */ = {
			isa = PBXGroup;
			children = (
				38AD48411A5E53E40096DF80 /* viewcontrollers */,
				38AD481F1A5E09610096DF80 /* AppDelegate.swift */,
				38AD48231A5E09610096DF80 /* Main.storyboard */,
				38AD48261A5E09610096DF80 /* Images.xcassets */,
				38AD48281A5E09610096DF80 /* LaunchScreen.xib */,
				38AD481D1A5E09610096DF80 /* Supporting Files */,
				38AD48421A5E56CF0096DF80 /* SettingsManager.swift */,
			);
			path = Tips;
			sourceTree = "<group>";
		};
		38AD481D1A5E09610096DF80 /* Supporting Files */ = {
			isa = PBXGroup;
			children = (
				38AD481E1A5E09610096DF80 /* Info.plist */,
			);
			name = "Supporting Files";
			sourceTree = "<group>";
		};
		38AD48321A5E09610096DF80 /* TipsTests */ = {
			isa = PBXGroup;
			children = (
				38AD48451A5EF3BE0096DF80 /* SettingsManagerTests.swift */,
				38AD48351A5E09610096DF80 /* TipsTests.swift */,
				38AD48331A5E09610096DF80 /* Supporting Files */,
			);
			path = TipsTests;
			sourceTree = "<group>";
		};
		38AD48331A5E09610096DF80 /* Supporting Files */ = {
			isa = PBXGroup;
			children = (
				38AD48341A5E09610096DF80 /* Info.plist */,
			);
			name = "Supporting Files";
			sourceTree = "<group>";
		};
		38AD48411A5E53E40096DF80 /* viewcontrollers */ = {
			isa = PBXGroup;
			children = (
				38AD483F1A5E1D2A0096DF80 /* SettingsViewController.swift */,
				38AD48211A5E09610096DF80 /* ViewController.swift */,
			);
			name = viewcontrollers;
			sourceTree = "<group>";
		};
/* End PBXGroup section */

/* Begin PBXNativeTarget section */
		38AD48191A5E09610096DF80 /* Tips */ = {
			isa = PBXNativeTarget;
			buildConfigurationList = 38AD48391A5E09610096DF80 /* Build configuration list for PBXNativeTarget "Tips" */;
			buildPhases = (
				38AD48161A5E09610096DF80 /* Sources */,
				38AD48171A5E09610096DF80 /* Frameworks */,
				38AD48181A5E09610096DF80 /* Resources */,
			);
			buildRules = (
			);
			dependencies = (
			);
			name = Tips;
			productName = Tips;
			productReference = 38AD481A1A5E09610096DF80 /* Tips.app */;
			productType = "com.apple.product-type.application";
		};
		38AD482E1A5E09610096DF80 /* TipsTests */ = {
			isa = PBXNativeTarget;
			buildConfigurationList = 38AD483C1A5E09610096DF80 /* Build configuration list for PBXNativeTarget "TipsTests" */;
			buildPhases = (
				38AD482B1A5E09610096DF80 /* Sources */,
				38AD482C1A5E09610096DF80 /* Frameworks */,
				38AD482D1A5E09610096DF80 /* Resources */,
			);
			buildRules = (
			);
			dependencies = (
				38AD48311A5E09610096DF80 /* PBXTargetDependency */,
			);
			name = TipsTests;
			productName = TipsTests;
			productReference = 38AD482F1A5E09610096DF80 /* TipsTests.xctest */;
			productType = "com.apple.product-type.bundle.unit-test";
		};
/* End PBXNativeTarget section */

/* Begin PBXProject section */
		38AD48121A5E09610096DF80 /* Project object */ = {
			isa = PBXProject;
			attributes = {
				LastUpgradeCheck = 0610;
				ORGANIZATIONNAME = "Jim Liu";
				TargetAttributes = {
					38AD48191A5E09610096DF80 = {
						CreatedOnToolsVersion = 6.1.1;
					};
					38AD482E1A5E09610096DF80 = {
						CreatedOnToolsVersion = 6.1.1;
						TestTargetID = 38AD48191A5E09610096DF80;
					};
				};
			};
			buildConfigurationList = 38AD48151A5E09610096DF80 /* Build configuration list for PBXProject "Tips" */;
			compatibilityVersion = "Xcode 3.2";
			developmentRegion = English;
			hasScannedForEncodings = 0;
			knownRegions = (
				en,
				Base,
			);
			mainGroup = 38AD48111A5E09610096DF80;
			productRefGroup = 38AD481B1A5E09610096DF80 /* Products */;
			projectDirPath = "";
			projectRoot = "";
			targets = (
				38AD48191A5E09610096DF80 /* Tips */,
				38AD482E1A5E09610096DF80 /* TipsTests */,
			);
		};
/* End PBXProject section */

/* Begin PBXResourcesBuildPhase section */
		38AD48181A5E09610096DF80 /* Resources */ = {
			isa = PBXResourcesBuildPhase;
			buildActionMask = 2147483647;
			files = (
				38AD48251A5E09610096DF80 /* Main.storyboard in Resources */,
				38AD482A1A5E09610096DF80 /* LaunchScreen.xib in Resources */,
				38AD48271A5E09610096DF80 /* Images.xcassets in Resources */,
			);
			runOnlyForDeploymentPostprocessing = 0;
		};
		38AD482D1A5E09610096DF80 /* Resources */ = {
			isa = PBXResourcesBuildPhase;
			buildActionMask = 2147483647;
			files = (
			);
			runOnlyForDeploymentPostprocessing = 0;
		};
/* End PBXResourcesBuildPhase section */

/* Begin PBXSourcesBuildPhase section */
		38AD48161A5E09610096DF80 /* Sources */ = {
			isa = PBXSourcesBuildPhase;
			buildActionMask = 2147483647;
			files = (
				38AD48431A5E56CF0096DF80 /* SettingsManager.swift in Sources */,
				38AD48221A5E09610096DF80 /* ViewController.swift in Sources */,
				38AD48201A5E09610096DF80 /* AppDelegate.swift in Sources */,
				38AD48401A5E1D2A0096DF80 /* SettingsViewController.swift in Sources */,
			);
			runOnlyForDeploymentPostprocessing = 0;
		};
		38AD482B1A5E09610096DF80 /* Sources */ = {
			isa = PBXSourcesBuildPhase;
			buildActionMask = 2147483647;
			files = (
				38AD48441A5EF2990096DF80 /* SettingsManager.swift in Sources */,
				38AD48361A5E09610096DF80 /* TipsTests.swift in Sources */,
				38AD48461A5EF3BE0096DF80 /* SettingsManagerTests.swift in Sources */,
			);
			runOnlyForDeploymentPostprocessing = 0;
		};
/* End PBXSourcesBuildPhase section */

/* Begin PBXTargetDependency section */
		38AD48311A5E09610096DF80 /* PBXTargetDependency */ = {
			isa = PBXTargetDependency;
			target = 38AD48191A5E09610096DF80 /* Tips */;
			targetProxy = 38AD48301A5E09610096DF80 /* PBXContainerItemProxy */;
		};
/* End PBXTargetDependency section */

/* Begin PBXVariantGroup section */
		38AD48231A5E09610096DF80 /* Main.storyboard */ = {
			isa = PBXVariantGroup;
			children = (
				38AD48241A5E09610096DF80 /* Base */,
			);
			name = Main.storyboard;
			sourceTree = "<group>";
		};
		38AD48281A5E09610096DF80 /* LaunchScreen.xib */ = {
			isa = PBXVariantGroup;
			children = (
				38AD48291A5E09610096DF80 /* Base */,
			);
			name = LaunchScreen.xib;
			sourceTree = "<group>";
		};
/* End PBXVariantGroup section */

/* Begin XCBuildConfiguration section */
		38AD48371A5E09610096DF80 /* Debug */ = {
			isa = XCBuildConfiguration;
			buildSettings = {
				ALWAYS_SEARCH_USER_PATHS = NO;
				CLANG_CXX_LANGUAGE_STANDARD = "gnu++0x";
				CLANG_CXX_LIBRARY = "libc++";
				CLANG_ENABLE_MODULES = YES;
				CLANG_ENABLE_OBJC_ARC = YES;
				CLANG_WARN_BOOL_CONVERSION = YES;
				CLANG_WARN_CONSTANT_CONVERSION = YES;
				CLANG_WARN_DIRECT_OBJC_ISA_USAGE = YES_ERROR;
				CLANG_WARN_EMPTY_BODY = YES;
				CLANG_WARN_ENUM_CONVERSION = YES;
				CLANG_WARN_INT_CONVERSION = YES;
				CLANG_WARN_OBJC_ROOT_CLASS = YES_ERROR;
				CLANG_WARN_UNREACHABLE_CODE = YES;
				CLANG_WARN__DUPLICATE_METHOD_MATCH = YES;
				"CODE_SIGN_IDENTITY[sdk=iphoneos*]" = "iPhone Developer";
				COPY_PHASE_STRIP = NO;
				ENABLE_STRICT_OBJC_MSGSEND = YES;
				GCC_C_LANGUAGE_STANDARD = gnu99;
				GCC_DYNAMIC_NO_PIC = NO;
				GCC_OPTIMIZATION_LEVEL = 0;
				GCC_PREPROCESSOR_DEFINITIONS = (
					"DEBUG=1",
					"$(inherited)",
				);
				GCC_SYMBOLS_PRIVATE_EXTERN = NO;
				GCC_WARN_64_TO_32_BIT_CONVERSION = YES;
				GCC_WARN_ABOUT_RETURN_TYPE = YES_ERROR;
				GCC_WARN_UNDECLARED_SELECTOR = YES;
				GCC_WARN_UNINITIALIZED_AUTOS = YES_AGGRESSIVE;
				GCC_WARN_UNUSED_FUNCTION = YES;
				GCC_WARN_UNUSED_VARIABLE = YES;
				IPHONEOS_DEPLOYMENT_TARGET = 8.1;
				MTL_ENABLE_DEBUG_INFO = YES;
				ONLY_ACTIVE_ARCH = YES;
				SDKROOT = iphoneos;
				SWIFT_OPTIMIZATION_LEVEL = "-Onone";
			};
			name = Debug;
		};
		38AD48381A5E09610096DF80 /* Release */ = {
			isa = XCBuildConfiguration;
			buildSettings = {
				ALWAYS_SEARCH_USER_PATHS = NO;
				CLANG_CXX_LANGUAGE_STANDARD = "gnu++0x";
				CLANG_CXX_LIBRARY = "libc++";
				CLANG_ENABLE_MODULES = YES;
				CLANG_ENABLE_OBJC_ARC = YES;
				CLANG_WARN_BOOL_CONVERSION = YES;
				CLANG_WARN_CONSTANT_CONVERSION = YES;
				CLANG_WARN_DIRECT_OBJC_ISA_USAGE = YES_ERROR;
				CLANG_WARN_EMPTY_BODY = YES;
				CLANG_WARN_ENUM_CONVERSION = YES;
				CLANG_WARN_INT_CONVERSION = YES;
				CLANG_WARN_OBJC_ROOT_CLASS = YES_ERROR;
				CLANG_WARN_UNREACHABLE_CODE = YES;
				CLANG_WARN__DUPLICATE_METHOD_MATCH = YES;
				"CODE_SIGN_IDENTITY[sdk=iphoneos*]" = "iPhone Developer";
				COPY_PHASE_STRIP = YES;
				ENABLE_NS_ASSERTIONS = NO;
				ENABLE_STRICT_OBJC_MSGSEND = YES;
				GCC_C_LANGUAGE_STANDARD = gnu99;
				GCC_WARN_64_TO_32_BIT_CONVERSION = YES;
				GCC_WARN_ABOUT_RETURN_TYPE = YES_ERROR;
				GCC_WARN_UNDECLARED_SELECTOR = YES;
				GCC_WARN_UNINITIALIZED_AUTOS = YES_AGGRESSIVE;
				GCC_WARN_UNUSED_FUNCTION = YES;
				GCC_WARN_UNUSED_VARIABLE = YES;
				IPHONEOS_DEPLOYMENT_TARGET = 8.1;
				MTL_ENABLE_DEBUG_INFO = NO;
				SDKROOT = iphoneos;
				VALIDATE_PRODUCT = YES;
			};
			name = Release;
		};
		38AD483A1A5E09610096DF80 /* Debug */ = {
			isa = XCBuildConfiguration;
			buildSettings = {
				ASSETCATALOG_COMPILER_APPICON_NAME = AppIcon;
				INFOPLIST_FILE = Tips/Info.plist;
				LD_RUNPATH_SEARCH_PATHS = "$(inherited) @executable_path/Frameworks";
				PRODUCT_NAME = "$(TARGET_NAME)";
			};
			name = Debug;
		};
		38AD483B1A5E09610096DF80 /* Release */ = {
			isa = XCBuildConfiguration;
			buildSettings = {
				ASSETCATALOG_COMPILER_APPICON_NAME = AppIcon;
				INFOPLIST_FILE = Tips/Info.plist;
				LD_RUNPATH_SEARCH_PATHS = "$(inherited) @executable_path/Frameworks";
				PRODUCT_NAME = "$(TARGET_NAME)";
			};
			name = Release;
		};
		38AD483D1A5E09610096DF80 /* Debug */ = {
			isa = XCBuildConfiguration;
			buildSettings = {
				BUNDLE_LOADER = "$(TEST_HOST)";
				FRAMEWORK_SEARCH_PATHS = (
					"$(SDKROOT)/Developer/Library/Frameworks",
					"$(inherited)",
				);
				GCC_PREPROCESSOR_DEFINITIONS = (
					"DEBUG=1",
					"$(inherited)",
				);
				INFOPLIST_FILE = TipsTests/Info.plist;
				LD_RUNPATH_SEARCH_PATHS = "$(inherited) @executable_path/Frameworks @loader_path/Frameworks";
				PRODUCT_NAME = "$(TARGET_NAME)";
				TEST_HOST = "$(BUILT_PRODUCTS_DIR)/Tips.app/Tips";
			};
			name = Debug;
		};
		38AD483E1A5E09610096DF80 /* Release */ = {
			isa = XCBuildConfiguration;
			buildSettings = {
				BUNDLE_LOADER = "$(TEST_HOST)";
				FRAMEWORK_SEARCH_PATHS = (
					"$(SDKROOT)/Developer/Library/Frameworks",
					"$(inherited)",
				);
				INFOPLIST_FILE = TipsTests/Info.plist;
				LD_RUNPATH_SEARCH_PATHS = "$(inherited) @executable_path/Frameworks @loader_path/Frameworks";
				PRODUCT_NAME = "$(TARGET_NAME)";
				TEST_HOST = "$(BUILT_PRODUCTS_DIR)/Tips.app/Tips";
			};
			name = Release;
		};
/* End XCBuildConfiguration section */

/* Begin XCConfigurationList section */
		38AD48151A5E09610096DF80 /* Build configuration list for PBXProject "Tips" */ = {
			isa = XCConfigurationList;
			buildConfigurations = (
				38AD48371A5E09610096DF80 /* Debug */,
				38AD48381A5E09610096DF80 /* Release */,
			);
			defaultConfigurationIsVisible = 0;
			defaultConfigurationName = Release;
		};
		38AD48391A5E09610096DF80 /* Build configuration list for PBXNativeTarget "Tips" */ = {
			isa = XCConfigurationList;
			buildConfigurations = (
				38AD483A1A5E09610096DF80 /* Debug */,
				38AD483B1A5E09610096DF80 /* Release */,
			);
			defaultConfigurationIsVisible = 0;
		};
		38AD483C1A5E09610096DF80 /* Build configuration list for PBXNativeTarget "TipsTests" */ = {
			isa = XCConfigurationList;
			buildConfigurations = (
				38AD483D1A5E09610096DF80 /* Debug */,
				38AD483E1A5E09610096DF80 /* Release */,
			);
			defaultConfigurationIsVisible = 0;
		};
/* End XCConfigurationList section */
	};
	rootObject = 38AD48121A5E09610096DF80 /* Project object */;
}
